{
    "_readme": [
        "This file locks the dependencies of your project to a known state",
        "Read more about it at https://getcomposer.org/doc/01-basic-usage.md#composer-lock-the-lock-file",
        "This file is @generated automatically"
    ],
    "content-hash": "1ee25ab40e7758517314ca1dce48324f",
    "packages": [
        {
            "name": "atoms/http",
            "version": "0.0.7",
            "source": {
                "type": "git",
                "url": "https://bitbucket.org/gotamedia/http.git",
                "reference": "0b979e5b7c9ea705f7b3c83fb30cab6946454687"
            },
            "dist": {
                "type": "zip",
                "url": "https://bitbucket.org/gotamedia/http/get/0b979e5b7c9ea705f7b3c83fb30cab6946454687.zip",
                "reference": "0b979e5b7c9ea705f7b3c83fb30cab6946454687",
                "shasum": ""
            },
            "require": {
                "php": ">=7.1.0",
                "psr/http-message": "~1.0.0"
            },
            "require-dev": {
                "phpunit/phpunit": "6.2.1",
                "squizlabs/php_codesniffer": "3.0.0"
            },
            "type": "library",
            "autoload": {
                "psr-4": {
                    "Atoms\\Http\\": "src/"
                }
            },
            "scripts": {
                "test": [
                    "phpunit"
                ],
                "lint": [
                    "phpcs --standard=PSR2 src"
                ]
            },
            "license": [
                "MIT"
            ],
            "authors": [
                {
                    "name": "Peter Pettersson",
                    "email": "peter.pettersson@gotamedia.se"
                },
                {
                    "name": "Martin Pettersson",
                    "email": "martin.pettersson@gotamedia.se"
                }
            ],
            "description": "Implementations of PSR-7.",
            "homepage": "https://bitbucket.org/gotamedia/http",
            "support": {
                "source": "https://bitbucket.org/gotamedia/http/src/0b979e5b7c9ea705f7b3c83fb30cab6946454687/?at=master"
            },
            "time": "2018-09-11T08:11:58+00:00"
        },
        {
            "name": "psr/http-factory",
            "version": "1.0.0",
            "source": {
                "type": "git",
                "url": "https://github.com/php-fig/http-factory.git",
                "reference": "378bfe27931ecc54ff824a20d6f6bfc303bbd04c"
            },
            "dist": {
                "type": "zip",
                "url": "https://api.github.com/repos/php-fig/http-factory/zipball/378bfe27931ecc54ff824a20d6f6bfc303bbd04c",
                "reference": "378bfe27931ecc54ff824a20d6f6bfc303bbd04c",
                "shasum": ""
            },
            "require": {
                "php": ">=7.0.0",
                "psr/http-message": "^1.0"
            },
            "type": "library",
            "extra": {
                "branch-alias": {
                    "dev-master": "1.0.x-dev"
                }
            },
            "autoload": {
                "psr-4": {
                    "Psr\\Http\\Message\\": "src/"
                }
            },
            "notification-url": "https://packagist.org/downloads/",
            "license": [
                "MIT"
            ],
            "authors": [
                {
                    "name": "PHP-FIG",
                    "homepage": "http://www.php-fig.org/"
                }
            ],
            "description": "Common interfaces for PSR-7 HTTP message factories",
            "keywords": [
                "factory",
                "http",
                "message",
                "psr",
                "psr-17",
                "psr-7",
                "request",
                "response"
            ],
            "time": "2018-07-30T21:54:04+00:00"
        },
        {
            "name": "psr/http-message",
            "version": "1.0.1",
            "source": {
                "type": "git",
                "url": "https://github.com/php-fig/http-message.git",
                "reference": "f6561bf28d520154e4b0ec72be95418abe6d9363"
            },
            "dist": {
                "type": "zip",
                "url": "https://api.github.com/repos/php-fig/http-message/zipball/f6561bf28d520154e4b0ec72be95418abe6d9363",
                "reference": "f6561bf28d520154e4b0ec72be95418abe6d9363",
                "shasum": ""
            },
            "require": {
                "php": ">=5.3.0"
            },
            "type": "library",
            "extra": {
                "branch-alias": {
                    "dev-master": "1.0.x-dev"
                }
            },
            "autoload": {
                "psr-4": {
                    "Psr\\Http\\Message\\": "src/"
                }
            },
            "notification-url": "https://packagist.org/downloads/",
            "license": [
                "MIT"
            ],
            "authors": [
                {
                    "name": "PHP-FIG",
                    "homepage": "http://www.php-fig.org/"
                }
            ],
            "description": "Common interface for HTTP messages",
            "homepage": "https://github.com/php-fig/http-message",
            "keywords": [
                "http",
                "http-message",
                "psr",
                "psr-7",
                "request",
                "response"
            ],
            "time": "2016-08-06T14:39:51+00:00"
        }
    ],
    "packages-dev": [],
    "aliases": [],
    "minimum-stability": "stable",
    "stability-flags": [],
    "prefer-stable": false,
    "prefer-lowest": false,
    "platform": {
        "php": ">=7.1.0"
    },
    "platform-dev": []
}
